// !$*UTF8*$!
{
	archiveVersion = 1;
	classes = {
	};
	objectVersion = 56;
	objects = {

/* Begin PBXBuildFile section */
		8D284F6B2A51CECD008DD85C /* ProfileEditor.swift in Sources */ = {isa = PBXBuildFile; fileRef = 8D284F6A2A51CECD008DD85C /* ProfileEditor.swift */; };
		8D2A59062A50690B00D0C429 /* FavoriteButton.swift in Sources */ = {isa = PBXBuildFile; fileRef = 8D2A59052A50690B00D0C429 /* FavoriteButton.swift */; };
		8D2A590A2A506D7300D0C429 /* HexagonParameters.swift in Sources */ = {isa = PBXBuildFile; fileRef = 8D2A59092A506D7300D0C429 /* HexagonParameters.swift */; };
		8D2A590C2A506FCF00D0C429 /* BadgeBackground.swift in Sources */ = {isa = PBXBuildFile; fileRef = 8D2A590B2A506FCF00D0C429 /* BadgeBackground.swift */; };
		8D2A590E2A50759300D0C429 /* BadgeSymbol.swift in Sources */ = {isa = PBXBuildFile; fileRef = 8D2A590D2A50759300D0C429 /* BadgeSymbol.swift */; };
		8D2A59102A5076B100D0C429 /* RotatedBadgeSymbol.swift in Sources */ = {isa = PBXBuildFile; fileRef = 8D2A590F2A5076B100D0C429 /* RotatedBadgeSymbol.swift */; };
		8D2A59122A50772D00D0C429 /* Badge.swift in Sources */ = {isa = PBXBuildFile; fileRef = 8D2A59112A50772D00D0C429 /* Badge.swift */; };
		8D2A59152A50BACD00D0C429 /* hikeData.json in Resources */ = {isa = PBXBuildFile; fileRef = 8D2A59142A50BACD00D0C429 /* hikeData.json */; };
		8D2A59172A50BAF300D0C429 /* Hike.swift in Sources */ = {isa = PBXBuildFile; fileRef = 8D2A59162A50BAF300D0C429 /* Hike.swift */; };
		8D2A591D2A50BBF500D0C429 /* GraphCapsule.swift in Sources */ = {isa = PBXBuildFile; fileRef = 8D2A59192A50BBF500D0C429 /* GraphCapsule.swift */; };
		8D2A591E2A50BBF500D0C429 /* HikeGraph.swift in Sources */ = {isa = PBXBuildFile; fileRef = 8D2A591A2A50BBF500D0C429 /* HikeGraph.swift */; };
		8D2A591F2A50BBF500D0C429 /* HikeDetail.swift in Sources */ = {isa = PBXBuildFile; fileRef = 8D2A591B2A50BBF500D0C429 /* HikeDetail.swift */; };
		8D2A59202A50BBF500D0C429 /* HikeView.swift in Sources */ = {isa = PBXBuildFile; fileRef = 8D2A591C2A50BBF500D0C429 /* HikeView.swift */; };
		8D2A59232A50C1EE00D0C429 /* CategoryHome.swift in Sources */ = {isa = PBXBuildFile; fileRef = 8D2A59222A50C1EE00D0C429 /* CategoryHome.swift */; };
		8D2A59252A50C54B00D0C429 /* CategoryRow.swift in Sources */ = {isa = PBXBuildFile; fileRef = 8D2A59242A50C54B00D0C429 /* CategoryRow.swift */; };
		8D2A59272A50C9C900D0C429 /* CategoryItem.swift in Sources */ = {isa = PBXBuildFile; fileRef = 8D2A59262A50C9C900D0C429 /* CategoryItem.swift */; };
		8D2E07E22A52F6E2005D76ED /* PageViewController.swift in Sources */ = {isa = PBXBuildFile; fileRef = 8D2E07E12A52F6E2005D76ED /* PageViewController.swift */; };
		8D2E07E42A52F85E005D76ED /* FeatureCard.swift in Sources */ = {isa = PBXBuildFile; fileRef = 8D2E07E32A52F85E005D76ED /* FeatureCard.swift */; };
		8D2E07E62A52F9E4005D76ED /* PageView.swift in Sources */ = {isa = PBXBuildFile; fileRef = 8D2E07E52A52F9E4005D76ED /* PageView.swift */; };
		8D2E07E82A52FD53005D76ED /* PageControl.swift in Sources */ = {isa = PBXBuildFile; fileRef = 8D2E07E72A52FD53005D76ED /* PageControl.swift */; };
		8D3954492A543A7F00EBC0ED /* ContentView.swift in Sources */ = {isa = PBXBuildFile; fileRef = 8D3954482A543A7F00EBC0ED /* ContentView.swift */; };
		8D39544B2A543A8000EBC0ED /* Assets.xcassets in Resources */ = {isa = PBXBuildFile; fileRef = 8D39544A2A543A8000EBC0ED /* Assets.xcassets */; };
		8D39544E2A543A8000EBC0ED /* Preview Assets.xcassets in Resources */ = {isa = PBXBuildFile; fileRef = 8D39544D2A543A8000EBC0ED /* Preview Assets.xcassets */; };
		8D46A5072A51B69300215BB7 /* Profile.swift in Sources */ = {isa = PBXBuildFile; fileRef = 8D46A5062A51B69300215BB7 /* Profile.swift */; };
		8D46A50A2A51B7AB00215BB7 /* ProfileHost.swift in Sources */ = {isa = PBXBuildFile; fileRef = 8D46A5092A51B7AB00215BB7 /* ProfileHost.swift */; };
		8D46A50C2A51B89300215BB7 /* ProfileSummary.swift in Sources */ = {isa = PBXBuildFile; fileRef = 8D46A50B2A51B89300215BB7 /* ProfileSummary.swift */; };
		8D46A50E2A51B9C300215BB7 /* HikeBadge.swift in Sources */ = {isa = PBXBuildFile; fileRef = 8D46A50D2A51B9C300215BB7 /* HikeBadge.swift */; };
		8DBB33EC2A4F04DE00706BEE /* LandmarksApp.swift in Sources */ = {isa = PBXBuildFile; fileRef = 8DBB33EB2A4F04DE00706BEE /* LandmarksApp.swift */; };
		8DBB33EE2A4F04DE00706BEE /* ContentView.swift in Sources */ = {isa = PBXBuildFile; fileRef = 8DBB33ED2A4F04DE00706BEE /* ContentView.swift */; };
		8DBB33F02A4F04DF00706BEE /* Assets.xcassets in Resources */ = {isa = PBXBuildFile; fileRef = 8DBB33EF2A4F04DF00706BEE /* Assets.xcassets */; };
		8DBB33F32A4F04DF00706BEE /* Preview Assets.xcassets in Resources */ = {isa = PBXBuildFile; fileRef = 8DBB33F22A4F04DF00706BEE /* Preview Assets.xcassets */; };
		8DBB33FC2A4F0FCA00706BEE /* CircleImage.swift in Sources */ = {isa = PBXBuildFile; fileRef = 8DBB33FB2A4F0FCA00706BEE /* CircleImage.swift */; };
		8DBB33FE2A4F105800706BEE /* MapView.swift in Sources */ = {isa = PBXBuildFile; fileRef = 8DBB33FD2A4F105800706BEE /* MapView.swift */; };
		8DBB34002A4F184500706BEE /* landmarkData.json in Resources */ = {isa = PBXBuildFile; fileRef = 8DBB33FF2A4F184500706BEE /* landmarkData.json */; };
		8DBB34022A4F187800706BEE /* Landmark.swift in Sources */ = {isa = PBXBuildFile; fileRef = 8DBB34012A4F187800706BEE /* Landmark.swift */; };
		8DBB34042A4F1A6100706BEE /* ModelData.swift in Sources */ = {isa = PBXBuildFile; fileRef = 8DBB34032A4F1A6100706BEE /* ModelData.swift */; };
		8DBB34092A4F1CB700706BEE /* LandmarkRow.swift in Sources */ = {isa = PBXBuildFile; fileRef = 8DBB34082A4F1CB700706BEE /* LandmarkRow.swift */; };
		8DBB340B2A4F1E5B00706BEE /* LandmarkList.swift in Sources */ = {isa = PBXBuildFile; fileRef = 8DBB340A2A4F1E5B00706BEE /* LandmarkList.swift */; };
		8DBB340D2A4F1F6E00706BEE /* LandmarkDetail.swift in Sources */ = {isa = PBXBuildFile; fileRef = 8DBB340C2A4F1F6E00706BEE /* LandmarkDetail.swift */; };
		8DD7C2E62A543CEF008850BA /* LandmarkList.swift in Sources */ = {isa = PBXBuildFile; fileRef = 8DBB340A2A4F1E5B00706BEE /* LandmarkList.swift */; };
		8DD7C2E72A543CEF008850BA /* MapView.swift in Sources */ = {isa = PBXBuildFile; fileRef = 8DBB33FD2A4F105800706BEE /* MapView.swift */; };
		8DD7C2E82A543CEF008850BA /* Landmark.swift in Sources */ = {isa = PBXBuildFile; fileRef = 8DBB34012A4F187800706BEE /* Landmark.swift */; };
		8DD7C2E92A543CEF008850BA /* Hike.swift in Sources */ = {isa = PBXBuildFile; fileRef = 8D2A59162A50BAF300D0C429 /* Hike.swift */; };
		8DD7C2EA2A543CEF008850BA /* FavoriteButton.swift in Sources */ = {isa = PBXBuildFile; fileRef = 8D2A59052A50690B00D0C429 /* FavoriteButton.swift */; };
		8DD7C2EB2A543CEF008850BA /* landmarkData.json in Resources */ = {isa = PBXBuildFile; fileRef = 8DBB33FF2A4F184500706BEE /* landmarkData.json */; };
		8DD7C2EC2A543CEF008850BA /* Profile.swift in Sources */ = {isa = PBXBuildFile; fileRef = 8D46A5062A51B69300215BB7 /* Profile.swift */; };
		8DD7C2ED2A543CEF008850BA /* LandmarksApp.swift in Sources */ = {isa = PBXBuildFile; fileRef = 8DBB33EB2A4F04DE00706BEE /* LandmarksApp.swift */; };
		8DD7C2EE2A543CEF008850BA /* ModelData.swift in Sources */ = {isa = PBXBuildFile; fileRef = 8DBB34032A4F1A6100706BEE /* ModelData.swift */; };
		8DD7C2EF2A543CEF008850BA /* CircleImage.swift in Sources */ = {isa = PBXBuildFile; fileRef = 8DBB33FB2A4F0FCA00706BEE /* CircleImage.swift */; };
		8DD7C2F02A543CEF008850BA /* LandmarkRow.swift in Sources */ = {isa = PBXBuildFile; fileRef = 8DBB34082A4F1CB700706BEE /* LandmarkRow.swift */; };
		8DD7C2F12A543CEF008850BA /* hikeData.json in Resources */ = {isa = PBXBuildFile; fileRef = 8D2A59142A50BACD00D0C429 /* hikeData.json */; };
		8DD7C2F22A543CEF008850BA /* Assets.xcassets in Resources */ = {isa = PBXBuildFile; fileRef = 8DBB33EF2A4F04DF00706BEE /* Assets.xcassets */; };
		8DD7C2F42A543DDA008850BA /* LandmarkDetail.swift in Sources */ = {isa = PBXBuildFile; fileRef = 8DD7C2F32A543DDA008850BA /* LandmarkDetail.swift */; };
		8DD7C2F62A544529008850BA /* LandmarkCommands.swift in Sources */ = {isa = PBXBuildFile; fileRef = 8DD7C2F52A544529008850BA /* LandmarkCommands.swift */; };
		8DD7C2F72A544529008850BA /* LandmarkCommands.swift in Sources */ = {isa = PBXBuildFile; fileRef = 8DD7C2F52A544529008850BA /* LandmarkCommands.swift */; };
		8DD7C2F92A544E9A008850BA /* LandmarkSettings.swift in Sources */ = {isa = PBXBuildFile; fileRef = 8DD7C2F82A544E9A008850BA /* LandmarkSettings.swift */; };
/* End PBXBuildFile section */

/* Begin PBXFileReference section */
		8D284F6A2A51CECD008DD85C /* ProfileEditor.swift */ = {isa = PBXFileReference; lastKnownFileType = sourcecode.swift; path = ProfileEditor.swift; sourceTree = "<group>"; };
		8D2A59052A50690B00D0C429 /* FavoriteButton.swift */ = {isa = PBXFileReference; lastKnownFileType = sourcecode.swift; path = FavoriteButton.swift; sourceTree = "<group>"; };
		8D2A59092A506D7300D0C429 /* HexagonParameters.swift */ = {isa = PBXFileReference; lastKnownFileType = sourcecode.swift; path = HexagonParameters.swift; sourceTree = "<group>"; };
		8D2A590B2A506FCF00D0C429 /* BadgeBackground.swift */ = {isa = PBXFileReference; lastKnownFileType = sourcecode.swift; path = BadgeBackground.swift; sourceTree = "<group>"; };
		8D2A590D2A50759300D0C429 /* BadgeSymbol.swift */ = {isa = PBXFileReference; lastKnownFileType = sourcecode.swift; path = BadgeSymbol.swift; sourceTree = "<group>"; };
		8D2A590F2A5076B100D0C429 /* RotatedBadgeSymbol.swift */ = {isa = PBXFileReference; lastKnownFileType = sourcecode.swift; path = RotatedBadgeSymbol.swift; sourceTree = "<group>"; };
		8D2A59112A50772D00D0C429 /* Badge.swift */ = {isa = PBXFileReference; lastKnownFileType = sourcecode.swift; path = Badge.swift; sourceTree = "<group>"; };
		8D2A59142A50BACD00D0C429 /* hikeData.json */ = {isa = PBXFileReference; fileEncoding = 4; lastKnownFileType = text.json; path = hikeData.json; sourceTree = "<group>"; };
		8D2A59162A50BAF300D0C429 /* Hike.swift */ = {isa = PBXFileReference; lastKnownFileType = sourcecode.swift; path = Hike.swift; sourceTree = "<group>"; };
		8D2A59192A50BBF500D0C429 /* GraphCapsule.swift */ = {isa = PBXFileReference; fileEncoding = 4; lastKnownFileType = sourcecode.swift; path = GraphCapsule.swift; sourceTree = "<group>"; };
		8D2A591A2A50BBF500D0C429 /* HikeGraph.swift */ = {isa = PBXFileReference; fileEncoding = 4; lastKnownFileType = sourcecode.swift; path = HikeGraph.swift; sourceTree = "<group>"; };
		8D2A591B2A50BBF500D0C429 /* HikeDetail.swift */ = {isa = PBXFileReference; fileEncoding = 4; lastKnownFileType = sourcecode.swift; path = HikeDetail.swift; sourceTree = "<group>"; };
		8D2A591C2A50BBF500D0C429 /* HikeView.swift */ = {isa = PBXFileReference; fileEncoding = 4; lastKnownFileType = sourcecode.swift; path = HikeView.swift; sourceTree = "<group>"; };
		8D2A59222A50C1EE00D0C429 /* CategoryHome.swift */ = {isa = PBXFileReference; lastKnownFileType = sourcecode.swift; path = CategoryHome.swift; sourceTree = "<group>"; };
		8D2A59242A50C54B00D0C429 /* CategoryRow.swift */ = {isa = PBXFileReference; lastKnownFileType = sourcecode.swift; path = CategoryRow.swift; sourceTree = "<group>"; };
		8D2A59262A50C9C900D0C429 /* CategoryItem.swift */ = {isa = PBXFileReference; lastKnownFileType = sourcecode.swift; path = CategoryItem.swift; sourceTree = "<group>"; };
		8D2E07E12A52F6E2005D76ED /* PageViewController.swift */ = {isa = PBXFileReference; lastKnownFileType = sourcecode.swift; path = PageViewController.swift; sourceTree = "<group>"; };
		8D2E07E32A52F85E005D76ED /* FeatureCard.swift */ = {isa = PBXFileReference; lastKnownFileType = sourcecode.swift; path = FeatureCard.swift; sourceTree = "<group>"; };
		8D2E07E52A52F9E4005D76ED /* PageView.swift */ = {isa = PBXFileReference; lastKnownFileType = sourcecode.swift; path = PageView.swift; sourceTree = "<group>"; };
		8D2E07E72A52FD53005D76ED /* PageControl.swift */ = {isa = PBXFileReference; lastKnownFileType = sourcecode.swift; path = PageControl.swift; sourceTree = "<group>"; };
		8D3954442A543A7F00EBC0ED /* MacLandmarks.app */ = {isa = PBXFileReference; explicitFileType = wrapper.application; includeInIndex = 0; path = MacLandmarks.app; sourceTree = BUILT_PRODUCTS_DIR; };
		8D3954482A543A7F00EBC0ED /* ContentView.swift */ = {isa = PBXFileReference; lastKnownFileType = sourcecode.swift; path = ContentView.swift; sourceTree = "<group>"; };
		8D39544A2A543A8000EBC0ED /* Assets.xcassets */ = {isa = PBXFileReference; lastKnownFileType = folder.assetcatalog; path = Assets.xcassets; sourceTree = "<group>"; };
		8D39544D2A543A8000EBC0ED /* Preview Assets.xcassets */ = {isa = PBXFileReference; lastKnownFileType = folder.assetcatalog; path = "Preview Assets.xcassets"; sourceTree = "<group>"; };
		8D39544F2A543A8000EBC0ED /* MacLandmarks.entitlements */ = {isa = PBXFileReference; lastKnownFileType = text.plist.entitlements; path = MacLandmarks.entitlements; sourceTree = "<group>"; };
		8D46A5062A51B69300215BB7 /* Profile.swift */ = {isa = PBXFileReference; lastKnownFileType = sourcecode.swift; path = Profile.swift; sourceTree = "<group>"; };
		8D46A5092A51B7AB00215BB7 /* ProfileHost.swift */ = {isa = PBXFileReference; lastKnownFileType = sourcecode.swift; path = ProfileHost.swift; sourceTree = "<group>"; };
		8D46A50B2A51B89300215BB7 /* ProfileSummary.swift */ = {isa = PBXFileReference; lastKnownFileType = sourcecode.swift; path = ProfileSummary.swift; sourceTree = "<group>"; };
		8D46A50D2A51B9C300215BB7 /* HikeBadge.swift */ = {isa = PBXFileReference; lastKnownFileType = sourcecode.swift; path = HikeBadge.swift; sourceTree = "<group>"; };
		8DBB33E82A4F04DE00706BEE /* Landmarks.app */ = {isa = PBXFileReference; explicitFileType = wrapper.application; includeInIndex = 0; path = Landmarks.app; sourceTree = BUILT_PRODUCTS_DIR; };
		8DBB33EB2A4F04DE00706BEE /* LandmarksApp.swift */ = {isa = PBXFileReference; lastKnownFileType = sourcecode.swift; path = LandmarksApp.swift; sourceTree = "<group>"; };
		8DBB33ED2A4F04DE00706BEE /* ContentView.swift */ = {isa = PBXFileReference; lastKnownFileType = sourcecode.swift; path = ContentView.swift; sourceTree = "<group>"; };
		8DBB33EF2A4F04DF00706BEE /* Assets.xcassets */ = {isa = PBXFileReference; lastKnownFileType = folder.assetcatalog; path = Assets.xcassets; sourceTree = "<group>"; };
		8DBB33F22A4F04DF00706BEE /* Preview Assets.xcassets */ = {isa = PBXFileReference; lastKnownFileType = folder.assetcatalog; path = "Preview Assets.xcassets"; sourceTree = "<group>"; };
		8DBB33FB2A4F0FCA00706BEE /* CircleImage.swift */ = {isa = PBXFileReference; lastKnownFileType = sourcecode.swift; path = CircleImage.swift; sourceTree = "<group>"; };
		8DBB33FD2A4F105800706BEE /* MapView.swift */ = {isa = PBXFileReference; lastKnownFileType = sourcecode.swift; path = MapView.swift; sourceTree = "<group>"; };
		8DBB33FF2A4F184500706BEE /* landmarkData.json */ = {isa = PBXFileReference; fileEncoding = 4; lastKnownFileType = text.json; path = landmarkData.json; sourceTree = "<group>"; };
		8DBB34012A4F187800706BEE /* Landmark.swift */ = {isa = PBXFileReference; lastKnownFileType = sourcecode.swift; path = Landmark.swift; sourceTree = "<group>"; };
		8DBB34032A4F1A6100706BEE /* ModelData.swift */ = {isa = PBXFileReference; lastKnownFileType = sourcecode.swift; path = ModelData.swift; sourceTree = "<group>"; };
		8DBB34082A4F1CB700706BEE /* LandmarkRow.swift */ = {isa = PBXFileReference; lastKnownFileType = sourcecode.swift; path = LandmarkRow.swift; sourceTree = "<group>"; };
		8DBB340A2A4F1E5B00706BEE /* LandmarkList.swift */ = {isa = PBXFileReference; lastKnownFileType = sourcecode.swift; path = LandmarkList.swift; sourceTree = "<group>"; };
		8DBB340C2A4F1F6E00706BEE /* LandmarkDetail.swift */ = {isa = PBXFileReference; lastKnownFileType = sourcecode.swift; path = LandmarkDetail.swift; sourceTree = "<group>"; };
		8DD7C2F32A543DDA008850BA /* LandmarkDetail.swift */ = {isa = PBXFileReference; lastKnownFileType = sourcecode.swift; path = LandmarkDetail.swift; sourceTree = "<group>"; };
		8DD7C2F52A544529008850BA /* LandmarkCommands.swift */ = {isa = PBXFileReference; lastKnownFileType = sourcecode.swift; path = LandmarkCommands.swift; sourceTree = "<group>"; };
		8DD7C2F82A544E9A008850BA /* LandmarkSettings.swift */ = {isa = PBXFileReference; lastKnownFileType = sourcecode.swift; path = LandmarkSettings.swift; sourceTree = "<group>"; };
/* End PBXFileReference section */

/* Begin PBXFrameworksBuildPhase section */
		8D3954412A543A7F00EBC0ED /* Frameworks */ = {
			isa = PBXFrameworksBuildPhase;
			buildActionMask = 2147483647;
			files = (
			);
			runOnlyForDeploymentPostprocessing = 0;
		};
		8DBB33E52A4F04DE00706BEE /* Frameworks */ = {
			isa = PBXFrameworksBuildPhase;
			buildActionMask = 2147483647;
			files = (
			);
			runOnlyForDeploymentPostprocessing = 0;
		};
/* End PBXFrameworksBuildPhase section */

/* Begin PBXGroup section */
		8D2A59072A5069C700D0C429 /* Helpers */ = {
			isa = PBXGroup;
			children = (
				8DBB33FB2A4F0FCA00706BEE /* CircleImage.swift */,
				8DBB33FD2A4F105800706BEE /* MapView.swift */,
				8D2A59052A50690B00D0C429 /* FavoriteButton.swift */,
			);
			path = Helpers;
			sourceTree = "<group>";
		};
		8D2A59082A5069EA00D0C429 /* Landmarks */ = {
			isa = PBXGroup;
			children = (
				8DBB34082A4F1CB700706BEE /* LandmarkRow.swift */,
				8DBB340A2A4F1E5B00706BEE /* LandmarkList.swift */,
				8DBB340C2A4F1F6E00706BEE /* LandmarkDetail.swift */,
			);
			path = Landmarks;
			sourceTree = "<group>";
		};
		8D2A59132A50787200D0C429 /* Badges */ = {
			isa = PBXGroup;
			children = (
				8D2A59112A50772D00D0C429 /* Badge.swift */,
				8D2A590B2A506FCF00D0C429 /* BadgeBackground.swift */,
				8D2A590D2A50759300D0C429 /* BadgeSymbol.swift */,
				8D2A59092A506D7300D0C429 /* HexagonParameters.swift */,
				8D2A590F2A5076B100D0C429 /* RotatedBadgeSymbol.swift */,
			);
			path = Badges;
			sourceTree = "<group>";
		};
		8D2A59182A50BBF500D0C429 /* Hikes */ = {
			isa = PBXGroup;
			children = (
				8D2A59192A50BBF500D0C429 /* GraphCapsule.swift */,
				8D2A591A2A50BBF500D0C429 /* HikeGraph.swift */,
				8D2A591B2A50BBF500D0C429 /* HikeDetail.swift */,
				8D2A591C2A50BBF500D0C429 /* HikeView.swift */,
				8D46A50D2A51B9C300215BB7 /* HikeBadge.swift */,
			);
			path = Hikes;
			sourceTree = "<group>";
		};
		8D2A59212A50C1C200D0C429 /* Categories */ = {
			isa = PBXGroup;
			children = (
				8D2A59222A50C1EE00D0C429 /* CategoryHome.swift */,
				8D2A59242A50C54B00D0C429 /* CategoryRow.swift */,
				8D2A59262A50C9C900D0C429 /* CategoryItem.swift */,
			);
			path = Categories;
			sourceTree = "<group>";
		};
		8D2E07E02A52F6A9005D76ED /* PageView */ = {
			isa = PBXGroup;
			children = (
				8D2E07E12A52F6E2005D76ED /* PageViewController.swift */,
				8D2E07E32A52F85E005D76ED /* FeatureCard.swift */,
				8D2E07E52A52F9E4005D76ED /* PageView.swift */,
				8D2E07E72A52FD53005D76ED /* PageControl.swift */,
			);
			path = PageView;
			sourceTree = "<group>";
		};
		8D3954452A543A7F00EBC0ED /* MacLandmarks */ = {
			isa = PBXGroup;
			children = (
				8D3954482A543A7F00EBC0ED /* ContentView.swift */,
				8DD7C2F32A543DDA008850BA /* LandmarkDetail.swift */,
				8DD7C2F52A544529008850BA /* LandmarkCommands.swift */,
				8DD7C2F82A544E9A008850BA /* LandmarkSettings.swift */,
				8D39544A2A543A8000EBC0ED /* Assets.xcassets */,
				8D39544F2A543A8000EBC0ED /* MacLandmarks.entitlements */,
				8D39544C2A543A8000EBC0ED /* Preview Content */,
			);
			path = MacLandmarks;
			sourceTree = "<group>";
		};
		8D39544C2A543A8000EBC0ED /* Preview Content */ = {
			isa = PBXGroup;
			children = (
				8D39544D2A543A8000EBC0ED /* Preview Assets.xcassets */,
			);
			path = "Preview Content";
			sourceTree = "<group>";
		};
		8D46A5082A51B79100215BB7 /* Profiles */ = {
			isa = PBXGroup;
			children = (
				8D46A5092A51B7AB00215BB7 /* ProfileHost.swift */,
				8D46A50B2A51B89300215BB7 /* ProfileSummary.swift */,
				8D284F6A2A51CECD008DD85C /* ProfileEditor.swift */,
			);
			path = Profiles;
			sourceTree = "<group>";
		};
		8DBB33DF2A4F04DE00706BEE = {
			isa = PBXGroup;
			children = (
				8DBB33EA2A4F04DE00706BEE /* Landmarks */,
				8D3954452A543A7F00EBC0ED /* MacLandmarks */,
				8DBB33E92A4F04DE00706BEE /* Products */,
			);
			sourceTree = "<group>";
		};
		8DBB33E92A4F04DE00706BEE /* Products */ = {
			isa = PBXGroup;
			children = (
				8DBB33E82A4F04DE00706BEE /* Landmarks.app */,
				8D3954442A543A7F00EBC0ED /* MacLandmarks.app */,
			);
			name = Products;
			sourceTree = "<group>";
		};
		8DBB33EA2A4F04DE00706BEE /* Landmarks */ = {
			isa = PBXGroup;
			children = (
				8DBB33EB2A4F04DE00706BEE /* LandmarksApp.swift */,
				8DBB34052A4F1BF700706BEE /* Views */,
				8DBB34062A4F1C0B00706BEE /* Model */,
				8DBB34072A4F1C3F00706BEE /* Resources */,
				8DBB33EF2A4F04DF00706BEE /* Assets.xcassets */,
				8DBB33F12A4F04DF00706BEE /* Preview Content */,
			);
			path = Landmarks;
			sourceTree = "<group>";
		};
		8DBB33F12A4F04DF00706BEE /* Preview Content */ = {
			isa = PBXGroup;
			children = (
				8DBB33F22A4F04DF00706BEE /* Preview Assets.xcassets */,
			);
			path = "Preview Content";
			sourceTree = "<group>";
		};
		8DBB34052A4F1BF700706BEE /* Views */ = {
			isa = PBXGroup;
			children = (
				8DBB33ED2A4F04DE00706BEE /* ContentView.swift */,
				8D2A59082A5069EA00D0C429 /* Landmarks */,
				8D2A59132A50787200D0C429 /* Badges */,
				8D2A59072A5069C700D0C429 /* Helpers */,
				8D2A59182A50BBF500D0C429 /* Hikes */,
				8D2A59212A50C1C200D0C429 /* Categories */,
				8D46A5082A51B79100215BB7 /* Profiles */,
				8D2E07E02A52F6A9005D76ED /* PageView */,
			);
			path = Views;
			sourceTree = "<group>";
		};
		8DBB34062A4F1C0B00706BEE /* Model */ = {
			isa = PBXGroup;
			children = (
				8D46A5062A51B69300215BB7 /* Profile.swift */,
				8DBB34012A4F187800706BEE /* Landmark.swift */,
				8DBB34032A4F1A6100706BEE /* ModelData.swift */,
				8D2A59162A50BAF300D0C429 /* Hike.swift */,
			);
			path = Model;
			sourceTree = "<group>";
		};
		8DBB34072A4F1C3F00706BEE /* Resources */ = {
			isa = PBXGroup;
			children = (
				8D2A59142A50BACD00D0C429 /* hikeData.json */,
				8DBB33FF2A4F184500706BEE /* landmarkData.json */,
			);
			path = Resources;
			sourceTree = "<group>";
		};
/* End PBXGroup section */

/* Begin PBXNativeTarget section */
		8D3954432A543A7F00EBC0ED /* MacLandmarks */ = {
			isa = PBXNativeTarget;
			buildConfigurationList = 8D3954522A543A8000EBC0ED /* Build configuration list for PBXNativeTarget "MacLandmarks" */;
			buildPhases = (
				8D3954402A543A7F00EBC0ED /* Sources */,
				8D3954412A543A7F00EBC0ED /* Frameworks */,
				8D3954422A543A7F00EBC0ED /* Resources */,
			);
			buildRules = (
			);
			dependencies = (
			);
			name = MacLandmarks;
			productName = MacLandmarks;
			productReference = 8D3954442A543A7F00EBC0ED /* MacLandmarks.app */;
			productType = "com.apple.product-type.application";
		};
		8DBB33E72A4F04DE00706BEE /* Landmarks */ = {
			isa = PBXNativeTarget;
			buildConfigurationList = 8DBB33F62A4F04DF00706BEE /* Build configuration list for PBXNativeTarget "Landmarks" */;
			buildPhases = (
				8DBB33E42A4F04DE00706BEE /* Sources */,
				8DBB33E52A4F04DE00706BEE /* Frameworks */,
				8DBB33E62A4F04DE00706BEE /* Resources */,
			);
			buildRules = (
			);
			dependencies = (
			);
			name = Landmarks;
			productName = Landmarks;
			productReference = 8DBB33E82A4F04DE00706BEE /* Landmarks.app */;
			productType = "com.apple.product-type.application";
		};
/* End PBXNativeTarget section */

/* Begin PBXProject section */
		8DBB33E02A4F04DE00706BEE /* Project object */ = {
			isa = PBXProject;
			attributes = {
				BuildIndependentTargetsInParallel = 1;
				LastSwiftUpdateCheck = 1430;
				LastUpgradeCheck = 1430;
				TargetAttributes = {
					8D3954432A543A7F00EBC0ED = {
						CreatedOnToolsVersion = 14.3.1;
					};
					8DBB33E72A4F04DE00706BEE = {
						CreatedOnToolsVersion = 14.3.1;
					};
				};
			};
			buildConfigurationList = 8DBB33E32A4F04DE00706BEE /* Build configuration list for PBXProject "Landmarks" */;
			compatibilityVersion = "Xcode 14.0";
			developmentRegion = en;
			hasScannedForEncodings = 0;
			knownRegions = (
				en,
				Base,
			);
			mainGroup = 8DBB33DF2A4F04DE00706BEE;
			productRefGroup = 8DBB33E92A4F04DE00706BEE /* Products */;
			projectDirPath = "";
			projectRoot = "";
			targets = (
				8DBB33E72A4F04DE00706BEE /* Landmarks */,
				8D3954432A543A7F00EBC0ED /* MacLandmarks */,
			);
		};
/* End PBXProject section */

/* Begin PBXResourcesBuildPhase section */
		8D3954422A543A7F00EBC0ED /* Resources */ = {
			isa = PBXResourcesBuildPhase;
			buildActionMask = 2147483647;
			files = (
				8DD7C2F12A543CEF008850BA /* hikeData.json in Resources */,
				8D39544E2A543A8000EBC0ED /* Preview Assets.xcassets in Resources */,
				8D39544B2A543A8000EBC0ED /* Assets.xcassets in Resources */,
				8DD7C2EB2A543CEF008850BA /* landmarkData.json in Resources */,
				8DD7C2F22A543CEF008850BA /* Assets.xcassets in Resources */,
			);
			runOnlyForDeploymentPostprocessing = 0;
		};
		8DBB33E62A4F04DE00706BEE /* Resources */ = {
			isa = PBXResourcesBuildPhase;
			buildActionMask = 2147483647;
			files = (
				8D2A59152A50BACD00D0C429 /* hikeData.json in Resources */,
				8DBB33F32A4F04DF00706BEE /* Preview Assets.xcassets in Resources */,
				8DBB33F02A4F04DF00706BEE /* Assets.xcassets in Resources */,
				8DBB34002A4F184500706BEE /* landmarkData.json in Resources */,
			);
			runOnlyForDeploymentPostprocessing = 0;
		};
/* End PBXResourcesBuildPhase section */

/* Begin PBXSourcesBuildPhase section */
		8D3954402A543A7F00EBC0ED /* Sources */ = {
			isa = PBXSourcesBuildPhase;
			buildActionMask = 2147483647;
			files = (
				8DD7C2E92A543CEF008850BA /* Hike.swift in Sources */,
				8D3954492A543A7F00EBC0ED /* ContentView.swift in Sources */,
				8DD7C2F92A544E9A008850BA /* LandmarkSettings.swift in Sources */,
				8DD7C2EE2A543CEF008850BA /* ModelData.swift in Sources */,
				8DD7C2E72A543CEF008850BA /* MapView.swift in Sources */,
				8DD7C2F72A544529008850BA /* LandmarkCommands.swift in Sources */,
				8DD7C2F42A543DDA008850BA /* LandmarkDetail.swift in Sources */,
				8DD7C2ED2A543CEF008850BA /* LandmarksApp.swift in Sources */,
				8DD7C2EC2A543CEF008850BA /* Profile.swift in Sources */,
				8DD7C2EA2A543CEF008850BA /* FavoriteButton.swift in Sources */,
				8DD7C2E62A543CEF008850BA /* LandmarkList.swift in Sources */,
				8DD7C2F02A543CEF008850BA /* LandmarkRow.swift in Sources */,
				8DD7C2E82A543CEF008850BA /* Landmark.swift in Sources */,
				8DD7C2EF2A543CEF008850BA /* CircleImage.swift in Sources */,
			);
			runOnlyForDeploymentPostprocessing = 0;
		};
		8DBB33E42A4F04DE00706BEE /* Sources */ = {
			isa = PBXSourcesBuildPhase;
			buildActionMask = 2147483647;
			files = (
				8D2A59252A50C54B00D0C429 /* CategoryRow.swift in Sources */,
				8D46A5072A51B69300215BB7 /* Profile.swift in Sources */,
				8DD7C2F62A544529008850BA /* LandmarkCommands.swift in Sources */,
				8DBB33EE2A4F04DE00706BEE /* ContentView.swift in Sources */,
				8D2A59232A50C1EE00D0C429 /* CategoryHome.swift in Sources */,
				8D2E07E42A52F85E005D76ED /* FeatureCard.swift in Sources */,
				8D2A591E2A50BBF500D0C429 /* HikeGraph.swift in Sources */,
				8D2A59122A50772D00D0C429 /* Badge.swift in Sources */,
				8DBB33FE2A4F105800706BEE /* MapView.swift in Sources */,
				8D2A591D2A50BBF500D0C429 /* GraphCapsule.swift in Sources */,
				8DBB33EC2A4F04DE00706BEE /* LandmarksApp.swift in Sources */,
				8D2E07E82A52FD53005D76ED /* PageControl.swift in Sources */,
				8D2A59062A50690B00D0C429 /* FavoriteButton.swift in Sources */,
				8D2A59272A50C9C900D0C429 /* CategoryItem.swift in Sources */,
				8D2A591F2A50BBF500D0C429 /* HikeDetail.swift in Sources */,
				8D46A50C2A51B89300215BB7 /* ProfileSummary.swift in Sources */,
				8D2A590A2A506D7300D0C429 /* HexagonParameters.swift in Sources */,
				8D46A50A2A51B7AB00215BB7 /* ProfileHost.swift in Sources */,
				8D2A59172A50BAF300D0C429 /* Hike.swift in Sources */,
				8D2A59102A5076B100D0C429 /* RotatedBadgeSymbol.swift in Sources */,
				8D2E07E62A52F9E4005D76ED /* PageView.swift in Sources */,
				8D2A590E2A50759300D0C429 /* BadgeSymbol.swift in Sources */,
				8D284F6B2A51CECD008DD85C /* ProfileEditor.swift in Sources */,
				8DBB340B2A4F1E5B00706BEE /* LandmarkList.swift in Sources */,
				8D2A59202A50BBF500D0C429 /* HikeView.swift in Sources */,
				8DBB340D2A4F1F6E00706BEE /* LandmarkDetail.swift in Sources */,
				8D2E07E22A52F6E2005D76ED /* PageViewController.swift in Sources */,
				8D2A590C2A506FCF00D0C429 /* BadgeBackground.swift in Sources */,
				8D46A50E2A51B9C300215BB7 /* HikeBadge.swift in Sources */,
				8DBB33FC2A4F0FCA00706BEE /* CircleImage.swift in Sources */,
				8DBB34022A4F187800706BEE /* Landmark.swift in Sources */,
				8DBB34092A4F1CB700706BEE /* LandmarkRow.swift in Sources */,
				8DBB34042A4F1A6100706BEE /* ModelData.swift in Sources */,
			);
			runOnlyForDeploymentPostprocessing = 0;
		};
/* End PBXSourcesBuildPhase section */

/* Begin XCBuildConfiguration section */
		8D3954502A543A8000EBC0ED /* Debug */ = {
			isa = XCBuildConfiguration;
			buildSettings = {
				ASSETCATALOG_COMPILER_APPICON_NAME = AppIcon;
				ASSETCATALOG_COMPILER_GLOBAL_ACCENT_COLOR_NAME = AccentColor;
				CODE_SIGN_ENTITLEMENTS = MacLandmarks/MacLandmarks.entitlements;
				CODE_SIGN_STYLE = Automatic;
				COMBINE_HIDPI_IMAGES = YES;
				CURRENT_PROJECT_VERSION = 1;
				DEVELOPMENT_ASSET_PATHS = "\"MacLandmarks/Preview Content\"";
				DEVELOPMENT_TEAM = Z58TCN89AP;
				ENABLE_HARDENED_RUNTIME = YES;
				ENABLE_PREVIEWS = YES;
				GENERATE_INFOPLIST_FILE = YES;
				INFOPLIST_KEY_NSHumanReadableCopyright = "";
				LD_RUNPATH_SEARCH_PATHS = (
					"$(inherited)",
					"@executable_path/../Frameworks",
				);
				MACOSX_DEPLOYMENT_TARGET = 13.3;
				MARKETING_VERSION = 1.0;
				PRODUCT_BUNDLE_IDENTIFIER = mrjeris.MacLandmarks;
				PRODUCT_NAME = "$(TARGET_NAME)";
				SDKROOT = macosx;
				SWIFT_EMIT_LOC_STRINGS = YES;
				SWIFT_VERSION = 5.0;
			};
			name = Debug;
		};
		8D3954512A543A8000EBC0ED /* Release */ = {
			isa = XCBuildConfiguration;
			buildSettings = {
				ASSETCATALOG_COMPILER_APPICON_NAME = AppIcon;
				ASSETCATALOG_COMPILER_GLOBAL_ACCENT_COLOR_NAME = AccentColor;
				CODE_SIGN_ENTITLEMENTS = MacLandmarks/MacLandmarks.entitlements;
				CODE_SIGN_STYLE = Automatic;
				COMBINE_HIDPI_IMAGES = YES;
				CURRENT_PROJECT_VERSION = 1;
				DEVELOPMENT_ASSET_PATHS = "\"MacLandmarks/Preview Content\"";
				DEVELOPMENT_TEAM = Z58TCN89AP;
				ENABLE_HARDENED_RUNTIME = YES;
				ENABLE_PREVIEWS = YES;
				GENERATE_INFOPLIST_FILE = YES;
				INFOPLIST_KEY_NSHumanReadableCopyright = "";
				LD_RUNPATH_SEARCH_PATHS = (
					"$(inherited)",
					"@executable_path/../Frameworks",
				);
				MACOSX_DEPLOYMENT_TARGET = 13.3;
				MARKETING_VERSION = 1.0;
				PRODUCT_BUNDLE_IDENTIFIER = mrjeris.MacLandmarks;
				PRODUCT_NAME = "$(TARGET_NAME)";
				SDKROOT = macosx;
				SWIFT_EMIT_LOC_STRINGS = YES;
				SWIFT_VERSION = 5.0;
			};
			name = Release;
		};
		8DBB33F42A4F04DF00706BEE /* Debug */ = {
			isa = XCBuildConfiguration;
			buildSettings = {
				ALWAYS_SEARCH_USER_PATHS = NO;
				CLANG_ANALYZER_NONNULL = YES;
				CLANG_ANALYZER_NUMBER_OBJECT_CONVERSION = YES_AGGRESSIVE;
				CLANG_CXX_LANGUAGE_STANDARD = "gnu++20";
				CLANG_ENABLE_MODULES = YES;
				CLANG_ENABLE_OBJC_ARC = YES;
				CLANG_ENABLE_OBJC_WEAK = YES;
				CLANG_WARN_BLOCK_CAPTURE_AUTORELEASING = YES;
				CLANG_WARN_BOOL_CONVERSION = YES;
				CLANG_WARN_COMMA = YES;
				CLANG_WARN_CONSTANT_CONVERSION = YES;
				CLANG_WARN_DEPRECATED_OBJC_IMPLEMENTATIONS = YES;
				CLANG_WARN_DIRECT_OBJC_ISA_USAGE = YES_ERROR;
				CLANG_WARN_DOCUMENTATION_COMMENTS = YES;
				CLANG_WARN_EMPTY_BODY = YES;
				CLANG_WARN_ENUM_CONVERSION = YES;
				CLANG_WARN_INFINITE_RECURSION = YES;
				CLANG_WARN_INT_CONVERSION = YES;
				CLANG_WARN_NON_LITERAL_NULL_CONVERSION = YES;
				CLANG_WARN_OBJC_IMPLICIT_RETAIN_SELF = YES;
				CLANG_WARN_OBJC_LITERAL_CONVERSION = YES;
				CLANG_WARN_OBJC_ROOT_CLASS = YES_ERROR;
				CLANG_WARN_QUOTED_INCLUDE_IN_FRAMEWORK_HEADER = YES;
				CLANG_WARN_RANGE_LOOP_ANALYSIS = YES;
				CLANG_WARN_STRICT_PROTOTYPES = YES;
				CLANG_WARN_SUSPICIOUS_MOVE = YES;
				CLANG_WARN_UNGUARDED_AVAILABILITY = YES_AGGRESSIVE;
				CLANG_WARN_UNREACHABLE_CODE = YES;
				CLANG_WARN__DUPLICATE_METHOD_MATCH = YES;
				COPY_PHASE_STRIP = NO;
				DEBUG_INFORMATION_FORMAT = dwarf;
				ENABLE_STRICT_OBJC_MSGSEND = YES;
				ENABLE_TESTABILITY = YES;
				GCC_C_LANGUAGE_STANDARD = gnu11;
				GCC_DYNAMIC_NO_PIC = NO;
				GCC_NO_COMMON_BLOCKS = YES;
				GCC_OPTIMIZATION_LEVEL = 0;
				GCC_PREPROCESSOR_DEFINITIONS = (
					"DEBUG=1",
					"$(inherited)",
				);
				GCC_WARN_64_TO_32_BIT_CONVERSION = YES;
				GCC_WARN_ABOUT_RETURN_TYPE = YES_ERROR;
				GCC_WARN_UNDECLARED_SELECTOR = YES;
				GCC_WARN_UNINITIALIZED_AUTOS = YES_AGGRESSIVE;
				GCC_WARN_UNUSED_FUNCTION = YES;
				GCC_WARN_UNUSED_VARIABLE = YES;
				IPHONEOS_DEPLOYMENT_TARGET = 16.4;
				MTL_ENABLE_DEBUG_INFO = INCLUDE_SOURCE;
				MTL_FAST_MATH = YES;
				ONLY_ACTIVE_ARCH = YES;
				SDKROOT = iphoneos;
				SWIFT_ACTIVE_COMPILATION_CONDITIONS = DEBUG;
				SWIFT_OPTIMIZATION_LEVEL = "-Onone";
			};
			name = Debug;
		};
		8DBB33F52A4F04DF00706BEE /* Release */ = {
			isa = XCBuildConfiguration;
			buildSettings = {
				ALWAYS_SEARCH_USER_PATHS = NO;
				CLANG_ANALYZER_NONNULL = YES;
				CLANG_ANALYZER_NUMBER_OBJECT_CONVERSION = YES_AGGRESSIVE;
				CLANG_CXX_LANGUAGE_STANDARD = "gnu++20";
				CLANG_ENABLE_MODULES = YES;
				CLANG_ENABLE_OBJC_ARC = YES;
				CLANG_ENABLE_OBJC_WEAK = YES;
				CLANG_WARN_BLOCK_CAPTURE_AUTORELEASING = YES;
				CLANG_WARN_BOOL_CONVERSION = YES;
				CLANG_WARN_COMMA = YES;
				CLANG_WARN_CONSTANT_CONVERSION = YES;
				CLANG_WARN_DEPRECATED_OBJC_IMPLEMENTATIONS = YES;
				CLANG_WARN_DIRECT_OBJC_ISA_USAGE = YES_ERROR;
				CLANG_WARN_DOCUMENTATION_COMMENTS = YES;
				CLANG_WARN_EMPTY_BODY = YES;
				CLANG_WARN_ENUM_CONVERSION = YES;
				CLANG_WARN_INFINITE_RECURSION = YES;
				CLANG_WARN_INT_CONVERSION = YES;
				CLANG_WARN_NON_LITERAL_NULL_CONVERSION = YES;
				CLANG_WARN_OBJC_IMPLICIT_RETAIN_SELF = YES;
				CLANG_WARN_OBJC_LITERAL_CONVERSION = YES;
				CLANG_WARN_OBJC_ROOT_CLASS = YES_ERROR;
				CLANG_WARN_QUOTED_INCLUDE_IN_FRAMEWORK_HEADER = YES;
				CLANG_WARN_RANGE_LOOP_ANALYSIS = YES;
				CLANG_WARN_STRICT_PROTOTYPES = YES;
				CLANG_WARN_SUSPICIOUS_MOVE = YES;
				CLANG_WARN_UNGUARDED_AVAILABILITY = YES_AGGRESSIVE;
				CLANG_WARN_UNREACHABLE_CODE = YES;
				CLANG_WARN__DUPLICATE_METHOD_MATCH = YES;
				COPY_PHASE_STRIP = NO;
				DEBUG_INFORMATION_FORMAT = "dwarf-with-dsym";
				ENABLE_NS_ASSERTIONS = NO;
				ENABLE_STRICT_OBJC_MSGSEND = YES;
				GCC_C_LANGUAGE_STANDARD = gnu11;
				GCC_NO_COMMON_BLOCKS = YES;
				GCC_WARN_64_TO_32_BIT_CONVERSION = YES;
				GCC_WARN_ABOUT_RETURN_TYPE = YES_ERROR;
				GCC_WARN_UNDECLARED_SELECTOR = YES;
				GCC_WARN_UNINITIALIZED_AUTOS = YES_AGGRESSIVE;
				GCC_WARN_UNUSED_FUNCTION = YES;
				GCC_WARN_UNUSED_VARIABLE = YES;
				IPHONEOS_DEPLOYMENT_TARGET = 16.4;
				MTL_ENABLE_DEBUG_INFO = NO;
				MTL_FAST_MATH = YES;
				SDKROOT = iphoneos;
				SWIFT_COMPILATION_MODE = wholemodule;
				SWIFT_OPTIMIZATION_LEVEL = "-O";
				VALIDATE_PRODUCT = YES;
			};
			name = Release;
		};
		8DBB33F72A4F04DF00706BEE /* Debug */ = {
			isa = XCBuildConfiguration;
			buildSettings = {
				ASSETCATALOG_COMPILER_APPICON_NAME = AppIcon;
				ASSETCATALOG_COMPILER_GLOBAL_ACCENT_COLOR_NAME = AccentColor;
				CODE_SIGN_STYLE = Automatic;
				CURRENT_PROJECT_VERSION = 1;
				DEVELOPMENT_ASSET_PATHS = "\"Landmarks/Preview Content\"";
				DEVELOPMENT_TEAM = Z58TCN89AP;
				ENABLE_PREVIEWS = YES;
				GENERATE_INFOPLIST_FILE = YES;
				INFOPLIST_KEY_UIApplicationSceneManifest_Generation = YES;
				INFOPLIST_KEY_UIApplicationSupportsIndirectInputEvents = YES;
				INFOPLIST_KEY_UILaunchScreen_Generation = YES;
				INFOPLIST_KEY_UISupportedInterfaceOrientations_iPad = "UIInterfaceOrientationPortrait UIInterfaceOrientationPortraitUpsideDown UIInterfaceOrientationLandscapeLeft UIInterfaceOrientationLandscapeRight";
				INFOPLIST_KEY_UISupportedInterfaceOrientations_iPhone = "UIInterfaceOrientationPortrait UIInterfaceOrientationLandscapeLeft UIInterfaceOrientationLandscapeRight";
				LD_RUNPATH_SEARCH_PATHS = (
					"$(inherited)",
					"@executable_path/Frameworks",
				);
				MARKETING_VERSION = 1.0;
				PRODUCT_BUNDLE_IDENTIFIER = mrjeris.Landmarks;
				PRODUCT_NAME = "$(TARGET_NAME)";
				SWIFT_EMIT_LOC_STRINGS = YES;
				SWIFT_VERSION = 5.0;
				TARGETED_DEVICE_FAMILY = "1,2";
			};
			name = Debug;
		};
		8DBB33F82A4F04DF00706BEE /* Release */ = {
			isa = XCBuildConfiguration;
			buildSettings = {
				ASSETCATALOG_COMPILER_APPICON_NAME = AppIcon;
				ASSETCATALOG_COMPILER_GLOBAL_ACCENT_COLOR_NAME = AccentColor;
				CODE_SIGN_STYLE = Automatic;
				CURRENT_PROJECT_VERSION = 1;
				DEVELOPMENT_ASSET_PATHS = "\"Landmarks/Preview Content\"";
				DEVELOPMENT_TEAM = Z58TCN89AP;
				ENABLE_PREVIEWS = YES;
				GENERATE_INFOPLIST_FILE = YES;
				INFOPLIST_KEY_UIApplicationSceneManifest_Generation = YES;
				INFOPLIST_KEY_UIApplicationSupportsIndirectInputEvents = YES;
				INFOPLIST_KEY_UILaunchScreen_Generation = YES;
				INFOPLIST_KEY_UISupportedInterfaceOrientations_iPad = "UIInterfaceOrientationPortrait UIInterfaceOrientationPortraitUpsideDown UIInterfaceOrientationLandscapeLeft UIInterfaceOrientationLandscapeRight";
				INFOPLIST_KEY_UISupportedInterfaceOrientations_iPhone = "UIInterfaceOrientationPortrait UIInterfaceOrientationLandscapeLeft UIInterfaceOrientationLandscapeRight";
				LD_RUNPATH_SEARCH_PATHS = (
					"$(inherited)",
					"@executable_path/Frameworks",
				);
				MARKETING_VERSION = 1.0;
				PRODUCT_BUNDLE_IDENTIFIER = mrjeris.Landmarks;
				PRODUCT_NAME = "$(TARGET_NAME)";
				SWIFT_EMIT_LOC_STRINGS = YES;
				SWIFT_VERSION = 5.0;
				TARGETED_DEVICE_FAMILY = "1,2";
			};
			name = Release;
		};
/* End XCBuildConfiguration section */

/* Begin XCConfigurationList section */
		8D3954522A543A8000EBC0ED /* Build configuration list for PBXNativeTarget "MacLandmarks" */ = {
			isa = XCConfigurationList;
			buildConfigurations = (
				8D3954502A543A8000EBC0ED /* Debug */,
				8D3954512A543A8000EBC0ED /* Release */,
			);
			defaultConfigurationIsVisible = 0;
			defaultConfigurationName = Release;
		};
		8DBB33E32A4F04DE00706BEE /* Build configuration list for PBXProject "Landmarks" */ = {
			isa = XCConfigurationList;
			buildConfigurations = (
				8DBB33F42A4F04DF00706BEE /* Debug */,
				8DBB33F52A4F04DF00706BEE /* Release */,
			);
			defaultConfigurationIsVisible = 0;
			defaultConfigurationName = Release;
		};
		8DBB33F62A4F04DF00706BEE /* Build configuration list for PBXNativeTarget "Landmarks" */ = {
			isa = XCConfigurationList;
			buildConfigurations = (
				8DBB33F72A4F04DF00706BEE /* Debug */,
				8DBB33F82A4F04DF00706BEE /* Release */,
			);
			defaultConfigurationIsVisible = 0;
			defaultConfigurationName = Release;
		};
/* End XCConfigurationList section */
	};
	rootObject = 8DBB33E02A4F04DE00706BEE /* Project object */;
}
